<?xml version="1.0" encoding="utf-8"?>
<Project ToolsVersion="4.0" xmlns="http://schemas.microsoft.com/developer/msbuild/2003">
  <ItemGroup>
    <ClCompile Include="src\sandbox.cpp" />
    <ClCompile Include="src\RenderLayer.cpp" />
    <ClCompile Include="src\GameLayer.cpp" />
  </ItemGroup>
  <ItemGroup>
    <ClInclude Include="src\RenderLayer.h" />
    <ClInclude Include="src\sandbox.h" />
    <ClInclude Include="src\GameLayer.h" />
  </ItemGroup>
</Project>