<?xml version="1.0" encoding="utf-8"?>
<Project ToolsVersion="4.0" xmlns="http://schemas.microsoft.com/developer/msbuild/2003">
  <ItemGroup>
    <Filter Include="src">
      <UniqueIdentifier>{2DAB880B-99B4-887C-2230-9F7C8E38947C}</UniqueIdentifier>
    </Filter>
    <Filter Include="src\BlueMarble">
      <UniqueIdentifier>{978976AF-8357-6AB5-6CEB-DADB5858461A}</UniqueIdentifier>
    </Filter>
    <Filter Include="src\BlueMarble\Core">
      <UniqueIdentifier>{4F44A8BF-BBA5-85CD-4413-CC7FB073BC8C}</UniqueIdentifier>
    </Filter>
    <Filter Include="src\BlueMarble\Events">
      <UniqueIdentifier>{9BA5EC4F-0712-A84A-D005-40A83C31CAB2}</UniqueIdentifier>
    </Filter>
    <Filter Include="src\BlueMarble\ImGui">
      <UniqueIdentifier>{01941BB5-ED22-A57E-9641-B97982AFB524}</UniqueIdentifier>
    </Filter>
    <Filter Include="src\BlueMarble\Renderer">
      <UniqueIdentifier>{1D87A7F4-89BE-EF8B-92C8-53AFFE7E1685}</UniqueIdentifier>
    </Filter>
    <Filter Include="src\Platform">
      <UniqueIdentifier>{21CA02E5-0D2D-9289-B6B2-CA3FA2F45D0C}</UniqueIdentifier>
    </Filter>
    <Filter Include="src\Platform\OpenGL">
      <UniqueIdentifier>{35A49437-A105-7245-2A73-B8F796D3A804}</UniqueIdentifier>
    </Filter>
    <Filter Include="src\Platform\Windows">
      <UniqueIdentifier>{5B054582-4794-CE4B-F0B2-E246DC20DFF1}</UniqueIdentifier>
    </Filter>
    <Filter Include="vendor">
      <UniqueIdentifier>{B3738122-9F15-ACF8-88D0-BF4C74113349}</UniqueIdentifier>
    </Filter>
    <Filter Include="vendor\stb_image">
      <UniqueIdentifier>{0DA0BA59-F998-D9AB-22CB-BE300E23B9B7}</UniqueIdentifier>
    </Filter>
  </ItemGroup>
  <ItemGroup>
    <ClInclude Include="src\BlueMarble.h">
      <Filter>src</Filter>
    </ClInclude>
    <ClInclude Include="src\BlueMarble\Core\timeStep.h">
      <Filter>src\BlueMarble\Core</Filter>
    </ClInclude>
    <ClInclude Include="src\BlueMarble\Events\applicationEvent.h">
      <Filter>src\BlueMarble\Events</Filter>
    </ClInclude>
    <ClInclude Include="src\BlueMarble\Events\event.h">
      <Filter>src\BlueMarble\Events</Filter>
    </ClInclude>
    <ClInclude Include="src\BlueMarble\Events\keyEvent.h">
      <Filter>src\BlueMarble\Events</Filter>
    </ClInclude>
    <ClInclude Include="src\BlueMarble\Events\mouseEvent.h">
      <Filter>src\BlueMarble\Events</Filter>
    </ClInclude>
    <ClInclude Include="src\BlueMarble\ImGui\imGuiLayer.h">
      <Filter>src\BlueMarble\ImGui</Filter>
    </ClInclude>
    <ClInclude Include="src\BlueMarble\Renderer\RendererAPI.h">
      <Filter>src\BlueMarble\Renderer</Filter>
    </ClInclude>
    <ClInclude Include="src\BlueMarble\Renderer\buffer.h">
      <Filter>src\BlueMarble\Renderer</Filter>
    </ClInclude>
    <ClInclude Include="src\BlueMarble\Renderer\camera.h">
      <Filter>src\BlueMarble\Renderer</Filter>
    </ClInclude>
    <ClInclude Include="src\BlueMarble\Renderer\graphicsContext.h">
      <Filter>src\BlueMarble\Renderer</Filter>
    </ClInclude>
    <ClInclude Include="src\BlueMarble\Renderer\renderCommand.h">
      <Filter>src\BlueMarble\Renderer</Filter>
    </ClInclude>
    <ClInclude Include="src\BlueMarble\Renderer\renderer.h">
      <Filter>src\BlueMarble\Renderer</Filter>
    </ClInclude>
    <ClInclude Include="src\BlueMarble\Renderer\shader.h">
      <Filter>src\BlueMarble\Renderer</Filter>
    </ClInclude>
    <ClInclude Include="src\BlueMarble\Renderer\texture.h">
      <Filter>src\BlueMarble\Renderer</Filter>
    </ClInclude>
    <ClInclude Include="src\BlueMarble\Renderer\vertexArray.h">
      <Filter>src\BlueMarble\Renderer</Filter>
    </ClInclude>
    <ClInclude Include="src\BlueMarble\application.h">
      <Filter>src\BlueMarble</Filter>
    </ClInclude>
    <ClInclude Include="src\BlueMarble\core.h">
      <Filter>src\BlueMarble</Filter>
    </ClInclude>
    <ClInclude Include="src\BlueMarble\entryPoint.h">
      <Filter>src\BlueMarble</Filter>
    </ClInclude>
    <ClInclude Include="src\BlueMarble\input.h">
      <Filter>src\BlueMarble</Filter>
    </ClInclude>
    <ClInclude Include="src\BlueMarble\keyCodes.h">
      <Filter>src\BlueMarble</Filter>
    </ClInclude>
    <ClInclude Include="src\BlueMarble\layer.h">
      <Filter>src\BlueMarble</Filter>
    </ClInclude>
    <ClInclude Include="src\BlueMarble\layerStack.h">
      <Filter>src\BlueMarble</Filter>
    </ClInclude>
    <ClInclude Include="src\BlueMarble\log.h">
      <Filter>src\BlueMarble</Filter>
    </ClInclude>
    <ClInclude Include="src\BlueMarble\mouseCodes.h">
      <Filter>src\BlueMarble</Filter>
    </ClInclude>
    <ClInclude Include="src\BlueMarble\terrain.h">
      <Filter>src\BlueMarble</Filter>
    </ClInclude>
    <ClInclude Include="src\BlueMarble\window.h">
      <Filter>src\BlueMarble</Filter>
    </ClInclude>
    <ClInclude Include="src\Platform\OpenGL\OpenGLRendererAPI.h">
      <Filter>src\Platform\OpenGL</Filter>
    </ClInclude>
    <ClInclude Include="src\Platform\OpenGL\glError.h">
      <Filter>src\Platform\OpenGL</Filter>
    </ClInclude>
    <ClInclude Include="src\Platform\OpenGL\openGLBuffer.h">
      <Filter>src\Platform\OpenGL</Filter>
    </ClInclude>
    <ClInclude Include="src\Platform\OpenGL\openGLContext.h">
      <Filter>src\Platform\OpenGL</Filter>
    </ClInclude>
    <ClInclude Include="src\Platform\OpenGL\openGLTexture.h">
      <Filter>src\Platform\OpenGL</Filter>
    </ClInclude>
    <ClInclude Include="src\Platform\OpenGL\openGLVertexArray.h">
      <Filter>src\Platform\OpenGL</Filter>
    </ClInclude>
    <ClInclude Include="src\Platform\Windows\windowsInput.h">
      <Filter>src\Platform\Windows</Filter>
    </ClInclude>
    <ClInclude Include="src\Platform\Windows\windowsWindow.h">
      <Filter>src\Platform\Windows</Filter>
    </ClInclude>
    <ClInclude Include="src\bmpch.h">
      <Filter>src</Filter>
    </ClInclude>
  </ItemGroup>
  <ItemGroup>
    <ClCompile Include="src\BlueMarble\ImGui\imGuiBuild.cpp">
      <Filter>src\BlueMarble\ImGui</Filter>
    </ClCompile>
    <ClCompile Include="src\BlueMarble\ImGui\imGuiLayer.cpp">
      <Filter>src\BlueMarble\ImGui</Filter>
    </ClCompile>
    <ClCompile Include="src\BlueMarble\Renderer\RendererAPI.cpp">
      <Filter>src\BlueMarble\Renderer</Filter>
    </ClCompile>
    <ClCompile Include="src\BlueMarble\Renderer\buffer.cpp">
      <Filter>src\BlueMarble\Renderer</Filter>
    </ClCompile>
    <ClCompile Include="src\BlueMarble\Renderer\camera.cpp">
      <Filter>src\BlueMarble\Renderer</Filter>
    </ClCompile>
    <ClCompile Include="src\BlueMarble\Renderer\renderCommand.cpp">
      <Filter>src\BlueMarble\Renderer</Filter>
    </ClCompile>
    <ClCompile Include="src\BlueMarble\Renderer\renderer.cpp">
      <Filter>src\BlueMarble\Renderer</Filter>
    </ClCompile>
    <ClCompile Include="src\BlueMarble\Renderer\shader.cpp">
      <Filter>src\BlueMarble\Renderer</Filter>
    </ClCompile>
    <ClCompile Include="src\BlueMarble\Renderer\texture.cpp">
      <Filter>src\BlueMarble\Renderer</Filter>
    </ClCompile>
    <ClCompile Include="src\BlueMarble\Renderer\vertexArray.cpp">
      <Filter>src\BlueMarble\Renderer</Filter>
    </ClCompile>
    <ClCompile Include="src\BlueMarble\application.cpp">
      <Filter>src\BlueMarble</Filter>
    </ClCompile>
    <ClCompile Include="src\BlueMarble\layer.cpp">
      <Filter>src\BlueMarble</Filter>
    </ClCompile>
    <ClCompile Include="src\BlueMarble\layerStack.cpp">
      <Filter>src\BlueMarble</Filter>
    </ClCompile>
    <ClCompile Include="src\BlueMarble\log.cpp">
      <Filter>src\BlueMarble</Filter>
    </ClCompile>
    <ClCompile Include="src\BlueMarble\terrain.cpp">
      <Filter>src\BlueMarble</Filter>
    </ClCompile>
    <ClCompile Include="src\Platform\OpenGL\OpenGLRendererAPI.cpp">
      <Filter>src\Platform\OpenGL</Filter>
    </ClCompile>
    <ClCompile Include="src\Platform\OpenGL\openGLBuffer.cpp">
      <Filter>src\Platform\OpenGL</Filter>
    </ClCompile>
    <ClCompile Include="src\Platform\OpenGL\openGLContext.cpp">
      <Filter>src\Platform\OpenGL</Filter>
    </ClCompile>
    <ClCompile Include="src\Platform\OpenGL\openGLTexture.cpp">
      <Filter>src\Platform\OpenGL</Filter>
    </ClCompile>
    <ClCompile Include="src\Platform\OpenGL\openGLVertexArray.cpp">
      <Filter>src\Platform\OpenGL</Filter>
    </ClCompile>
    <ClCompile Include="src\Platform\Windows\windowsInput.cpp">
      <Filter>src\Platform\Windows</Filter>
    </ClCompile>
    <ClCompile Include="src\Platform\Windows\windowsWindow.cpp">
      <Filter>src\Platform\Windows</Filter>
    </ClCompile>
    <ClCompile Include="src\bmpch.cpp">
      <Filter>src</Filter>
    </ClCompile>
    <ClCompile Include="vendor\stb_image\stb_image.cpp">
      <Filter>vendor\stb_image</Filter>
    </ClCompile>
  </ItemGroup>
</Project>